
Microsoft Visual Studio Solution File, Format Version 12.00
Project("{FAE04EC0-301F-11D3-BF4B-00C04F79EFBC}") = "Concurs_Iot", "Concurs_Iot\Concurs_Iot.csproj", "{726E31B6-4393-423B-9669-A6ED5E721F0D}"
EndProject
Global
	GlobalSection(SolutionConfigurationPlatforms) = preSolution
		Debug|Any CPU = Debug|Any CPU
		Release|Any CPU = Release|Any CPU
	EndGlobalSection
	GlobalSection(ProjectConfigurationPlatforms) = postSolution
		{726E31B6-4393-423B-9669-A6ED5E721F0D}.Debug|Any CPU.ActiveCfg = Debug|Any CPU
		{726E31B6-4393-423B-9669-A6ED5E721F0D}.Debug|Any CPU.Build.0 = Debug|Any CPU
		{726E31B6-4393-423B-9669-A6ED5E721F0D}.Release|Any CPU.ActiveCfg = Release|Any CPU
		{726E31B6-4393-423B-9669-A6ED5E721F0D}.Release|Any CPU.Build.0 = Release|Any CPU
	EndGlobalSection
EndGlobal
